
Microsoft Visual Studio Solution File, Format Version 12.00
# Visual Studio Version 17
VisualStudioVersion = 17.10.35027.167
MinimumVisualStudioVersion = 10.0.40219.1
Project("{9A19103F-16F7-4668-BE54-9A1E7A4F7556}") = "WebApplication1", "WebApplication1.csproj", "{2351D1B0-1923-479D-9202-0C26EB39E2EB}"
EndProject
Global
	GlobalSection(SolutionConfigurationPlatforms) = preSolution
		Debug|Any CPU = Debug|Any CPU
		Release|Any CPU = Release|Any CPU
	EndGlobalSection
	GlobalSection(ProjectConfigurationPlatforms) = postSolution
		{2351D1B0-1923-479D-9202-0C26EB39E2EB}.Debug|Any CPU.ActiveCfg = Debug|Any CPU
		{2351D1B0-1923-479D-9202-0C26EB39E2EB}.Debug|Any CPU.Build.0 = Debug|Any CPU
		{2351D1B0-1923-479D-9202-0C26EB39E2EB}.Release|Any CPU.ActiveCfg = Release|Any CPU
		{2351D1B0-1923-479D-9202-0C26EB39E2EB}.Release|Any CPU.Build.0 = Release|Any CPU
	EndGlobalSection
	GlobalSection(SolutionProperties) = preSolution
		HideSolutionNode = FALSE
	EndGlobalSection
	GlobalSection(ExtensibilityGlobals) = postSolution
		SolutionGuid = {A45A92AD-BC14-4912-A977-A49B1A6FB3BD}
	EndGlobalSection
EndGlobal
